
Microsoft Visual Studio Solution File, Format Version 12.00
# Visual Studio Version 17
VisualStudioVersion = 17.13.35617.110
MinimumVisualStudioVersion = 10.0.40219.1
Project("{FAE04EC0-301F-11D3-BF4B-00C04F79EFBC}") = "TheatreManagementSystem", "TheatreManagementSystem\TheatreManagementSystem.csproj", "{127487D7-C72E-476D-AABE-7A9526F2BF1E}"
EndProject
Global
	GlobalSection(SolutionConfigurationPlatforms) = preSolution
		Debug|Any CPU = Debug|Any CPU
		Release|Any CPU = Release|Any CPU
	EndGlobalSection
	GlobalSection(ProjectConfigurationPlatforms) = postSolution
		{127487D7-C72E-476D-AABE-7A9526F2BF1E}.Debug|Any CPU.ActiveCfg = Debug|Any CPU
		{127487D7-C72E-476D-AABE-7A9526F2BF1E}.Debug|Any CPU.Build.0 = Debug|Any CPU
		{127487D7-C72E-476D-AABE-7A9526F2BF1E}.Release|Any CPU.ActiveCfg = Release|Any CPU
		{127487D7-C72E-476D-AABE-7A9526F2BF1E}.Release|Any CPU.Build.0 = Release|Any CPU
	EndGlobalSection
	GlobalSection(SolutionProperties) = preSolution
		HideSolutionNode = FALSE
	EndGlobalSection
	GlobalSection(ExtensibilityGlobals) = postSolution
		SolutionGuid = {21C36E45-9DF4-4582-82F9-F07D2D1F625E}
	EndGlobalSection
EndGlobal
